
Microsoft Visual Studio Solution File, Format Version 12.00
# Visual Studio Version 17
VisualStudioVersion = 17.9.34728.123
MinimumVisualStudioVersion = 10.0.40219.1
Project("{FAE04EC0-301F-11D3-BF4B-00C04F79EFBC}") = "krylov-faddeev", "krylov-faddeev.csproj", "{A2F6F189-D68A-46C8-A130-07207BB61A05}"
EndProject
Global
	GlobalSection(SolutionConfigurationPlatforms) = preSolution
		Debug|Any CPU = Debug|Any CPU
		Release|Any CPU = Release|Any CPU
	EndGlobalSection
	GlobalSection(ProjectConfigurationPlatforms) = postSolution
		{A2F6F189-D68A-46C8-A130-07207BB61A05}.Debug|Any CPU.ActiveCfg = Debug|Any CPU
		{A2F6F189-D68A-46C8-A130-07207BB61A05}.Debug|Any CPU.Build.0 = Debug|Any CPU
		{A2F6F189-D68A-46C8-A130-07207BB61A05}.Release|Any CPU.ActiveCfg = Release|Any CPU
		{A2F6F189-D68A-46C8-A130-07207BB61A05}.Release|Any CPU.Build.0 = Release|Any CPU
	EndGlobalSection
	GlobalSection(SolutionProperties) = preSolution
		HideSolutionNode = FALSE
	EndGlobalSection
	GlobalSection(ExtensibilityGlobals) = postSolution
		SolutionGuid = {D7F71C2C-9661-4B53-99C4-CE51529C9505}
	EndGlobalSection
EndGlobal
